
Microsoft Visual Studio Solution File, Format Version 12.00
# Visual Studio Version 17
VisualStudioVersion = 17.14.36202.13 d17.14
MinimumVisualStudioVersion = 10.0.40219.1
Project("{FAE04EC0-301F-11D3-BF4B-00C04F79EFBC}") = "testupdate", "testupdate.csproj", "{2E8D697F-F071-4EF2-A44D-527E39805FF7}"
EndProject
Global
	GlobalSection(SolutionConfigurationPlatforms) = preSolution
		Debug|Any CPU = Debug|Any CPU
		Release|Any CPU = Release|Any CPU
	EndGlobalSection
	GlobalSection(ProjectConfigurationPlatforms) = postSolution
		{2E8D697F-F071-4EF2-A44D-527E39805FF7}.Debug|Any CPU.ActiveCfg = Debug|Any CPU
		{2E8D697F-F071-4EF2-A44D-527E39805FF7}.Debug|Any CPU.Build.0 = Debug|Any CPU
		{2E8D697F-F071-4EF2-A44D-527E39805FF7}.Release|Any CPU.ActiveCfg = Release|Any CPU
		{2E8D697F-F071-4EF2-A44D-527E39805FF7}.Release|Any CPU.Build.0 = Release|Any CPU
	EndGlobalSection
	GlobalSection(SolutionProperties) = preSolution
		HideSolutionNode = FALSE
	EndGlobalSection
	GlobalSection(ExtensibilityGlobals) = postSolution
		SolutionGuid = {5110B38B-7407-49CE-8F40-1C7AEB547E51}
	EndGlobalSection
EndGlobal
